
Microsoft Visual Studio Solution File, Format Version 12.00
# Visual Studio 15
VisualStudioVersion = 15.0.28307.271
MinimumVisualStudioVersion = 10.0.40219.1
Project("{8BC9CEB8-8B4A-11D0-8D11-00A0C91BC942}") = "Project1", "Project1\Project1.vcxproj", "{AA733C70-E60F-469C-8F56-BB35DAA1B4FB}"
EndProject
Global
	GlobalSection(SolutionConfigurationPlatforms) = preSolution
		Debug|x64 = Debug|x64
		Debug|x86 = Debug|x86
		Release|x64 = Release|x64
		Release|x86 = Release|x86
	EndGlobalSection
	GlobalSection(ProjectConfigurationPlatforms) = postSolution
		{AA733C70-E60F-469C-8F56-BB35DAA1B4FB}.Debug|x64.ActiveCfg = Debug|x64
		{AA733C70-E60F-469C-8F56-BB35DAA1B4FB}.Debug|x64.Build.0 = Debug|x64
		{AA733C70-E60F-469C-8F56-BB35DAA1B4FB}.Debug|x86.ActiveCfg = Debug|Win32
		{AA733C70-E60F-469C-8F56-BB35DAA1B4FB}.Debug|x86.Build.0 = Debug|Win32
		{AA733C70-E60F-469C-8F56-BB35DAA1B4FB}.Release|x64.ActiveCfg = Release|x64
		{AA733C70-E60F-469C-8F56-BB35DAA1B4FB}.Release|x64.Build.0 = Release|x64
		{AA733C70-E60F-469C-8F56-BB35DAA1B4FB}.Release|x86.ActiveCfg = Release|Win32
		{AA733C70-E60F-469C-8F56-BB35DAA1B4FB}.Release|x86.Build.0 = Release|Win32
	EndGlobalSection
	GlobalSection(SolutionProperties) = preSolution
		HideSolutionNode = FALSE
	EndGlobalSection
	GlobalSection(ExtensibilityGlobals) = postSolution
		SolutionGuid = {BB7D1B76-17C3-4BEE-9BDE-56A35DC1E629}
	EndGlobalSection
EndGlobal
